// !$*UTF8*$!
{
	archiveVersion = 1;
	classes = {
	};
	objectVersion = 50;
	objects = {

/* Begin PBXBuildFile section */
		D1E388AA25B04E16009568F7 /* SavingImgCoreDataApp.swift in Sources */ = {isa = PBXBuildFile; fileRef = D1E388A925B04E16009568F7 /* SavingImgCoreDataApp.swift */; };
		D1E388AC25B04E16009568F7 /* ContentView.swift in Sources */ = {isa = PBXBuildFile; fileRef = D1E388AB25B04E16009568F7 /* ContentView.swift */; };
		D1E388AE25B04E18009568F7 /* Assets.xcassets in Resources */ = {isa = PBXBuildFile; fileRef = D1E388AD25B04E18009568F7 /* Assets.xcassets */; };
		D1E388B125B04E18009568F7 /* Preview Assets.xcassets in Resources */ = {isa = PBXBuildFile; fileRef = D1E388B025B04E18009568F7 /* Preview Assets.xcassets */; };
		D1E388B325B04E18009568F7 /* Persistence.swift in Sources */ = {isa = PBXBuildFile; fileRef = D1E388B225B04E18009568F7 /* Persistence.swift */; };
		D1E388B625B04E18009568F7 /* SavingImgCoreData.xcdatamodeld in Sources */ = {isa = PBXBuildFile; fileRef = D1E388B425B04E18009568F7 /* SavingImgCoreData.xcdatamodeld */; };
		D1E388C125B04E18009568F7 /* SavingImgCoreDataTests.swift in Sources */ = {isa = PBXBuildFile; fileRef = D1E388C025B04E18009568F7 /* SavingImgCoreDataTests.swift */; };
		D1E388CC25B04E18009568F7 /* SavingImgCoreDataUITests.swift in Sources */ = {isa = PBXBuildFile; fileRef = D1E388CB25B04E18009568F7 /* SavingImgCoreDataUITests.swift */; };
		D1E388DE25B04FAC009568F7 /* Saving+CoreDataClass.swift in Sources */ = {isa = PBXBuildFile; fileRef = D1E388DC25B04FAC009568F7 /* Saving+CoreDataClass.swift */; };
		D1E388DF25B04FAC009568F7 /* Saving+CoreDataProperties.swift in Sources */ = {isa = PBXBuildFile; fileRef = D1E388DD25B04FAC009568F7 /* Saving+CoreDataProperties.swift */; };
		D1E388E725B0F31B009568F7 /* SenderView.swift in Sources */ = {isa = PBXBuildFile; fileRef = D1E388E625B0F31B009568F7 /* SenderView.swift */; };
		D1E388EC25B0FA6E009568F7 /* ImagePicker.swift in Sources */ = {isa = PBXBuildFile; fileRef = D1E388EB25B0FA6E009568F7 /* ImagePicker.swift */; };
/* End PBXBuildFile section */

/* Begin PBXContainerItemProxy section */
		D1E388BD25B04E18009568F7 /* PBXContainerItemProxy */ = {
			isa = PBXContainerItemProxy;
			containerPortal = D1E3889E25B04E16009568F7 /* Project object */;
			proxyType = 1;
			remoteGlobalIDString = D1E388A525B04E16009568F7;
			remoteInfo = SavingImgCoreData;
		};
		D1E388C825B04E18009568F7 /* PBXContainerItemProxy */ = {
			isa = PBXContainerItemProxy;
			containerPortal = D1E3889E25B04E16009568F7 /* Project object */;
			proxyType = 1;
			remoteGlobalIDString = D1E388A525B04E16009568F7;
			remoteInfo = SavingImgCoreData;
		};
/* End PBXContainerItemProxy section */

/* Begin PBXFileReference section */
		D1E388A625B04E16009568F7 /* SavingImgCoreData.app */ = {isa = PBXFileReference; explicitFileType = wrapper.application; includeInIndex = 0; path = SavingImgCoreData.app; sourceTree = BUILT_PRODUCTS_DIR; };
		D1E388A925B04E16009568F7 /* SavingImgCoreDataApp.swift */ = {isa = PBXFileReference; lastKnownFileType = sourcecode.swift; path = SavingImgCoreDataApp.swift; sourceTree = "<group>"; };
		D1E388AB25B04E16009568F7 /* ContentView.swift */ = {isa = PBXFileReference; lastKnownFileType = sourcecode.swift; path = ContentView.swift; sourceTree = "<group>"; };
		D1E388AD25B04E18009568F7 /* Assets.xcassets */ = {isa = PBXFileReference; lastKnownFileType = folder.assetcatalog; path = Assets.xcassets; sourceTree = "<group>"; };
		D1E388B025B04E18009568F7 /* Preview Assets.xcassets */ = {isa = PBXFileReference; lastKnownFileType = folder.assetcatalog; path = "Preview Assets.xcassets"; sourceTree = "<group>"; };
		D1E388B225B04E18009568F7 /* Persistence.swift */ = {isa = PBXFileReference; lastKnownFileType = sourcecode.swift; path = Persistence.swift; sourceTree = "<group>"; };
		D1E388B525B04E18009568F7 /* SavingImgCoreData.xcdatamodel */ = {isa = PBXFileReference; lastKnownFileType = wrapper.xcdatamodel; path = SavingImgCoreData.xcdatamodel; sourceTree = "<group>"; };
		D1E388B725B04E18009568F7 /* Info.plist */ = {isa = PBXFileReference; lastKnownFileType = text.plist.xml; path = Info.plist; sourceTree = "<group>"; };
		D1E388BC25B04E18009568F7 /* SavingImgCoreDataTests.xctest */ = {isa = PBXFileReference; explicitFileType = wrapper.cfbundle; includeInIndex = 0; path = SavingImgCoreDataTests.xctest; sourceTree = BUILT_PRODUCTS_DIR; };
		D1E388C025B04E18009568F7 /* SavingImgCoreDataTests.swift */ = {isa = PBXFileReference; lastKnownFileType = sourcecode.swift; path = SavingImgCoreDataTests.swift; sourceTree = "<group>"; };
		D1E388C225B04E18009568F7 /* Info.plist */ = {isa = PBXFileReference; lastKnownFileType = text.plist.xml; path = Info.plist; sourceTree = "<group>"; };
		D1E388C725B04E18009568F7 /* SavingImgCoreDataUITests.xctest */ = {isa = PBXFileReference; explicitFileType = wrapper.cfbundle; includeInIndex = 0; path = SavingImgCoreDataUITests.xctest; sourceTree = BUILT_PRODUCTS_DIR; };
		D1E388CB25B04E18009568F7 /* SavingImgCoreDataUITests.swift */ = {isa = PBXFileReference; lastKnownFileType = sourcecode.swift; path = SavingImgCoreDataUITests.swift; sourceTree = "<group>"; };
		D1E388CD25B04E18009568F7 /* Info.plist */ = {isa = PBXFileReference; lastKnownFileType = text.plist.xml; path = Info.plist; sourceTree = "<group>"; };
		D1E388DC25B04FAC009568F7 /* Saving+CoreDataClass.swift */ = {isa = PBXFileReference; lastKnownFileType = sourcecode.swift; path = "Saving+CoreDataClass.swift"; sourceTree = SOURCE_ROOT; };
		D1E388DD25B04FAC009568F7 /* Saving+CoreDataProperties.swift */ = {isa = PBXFileReference; lastKnownFileType = sourcecode.swift; path = "Saving+CoreDataProperties.swift"; sourceTree = SOURCE_ROOT; };
		D1E388E625B0F31B009568F7 /* SenderView.swift */ = {isa = PBXFileReference; lastKnownFileType = sourcecode.swift; path = SenderView.swift; sourceTree = "<group>"; };
		D1E388EB25B0FA6E009568F7 /* ImagePicker.swift */ = {isa = PBXFileReference; lastKnownFileType = sourcecode.swift; path = ImagePicker.swift; sourceTree = "<group>"; };
/* End PBXFileReference section */

/* Begin PBXFrameworksBuildPhase section */
		D1E388A325B04E16009568F7 /* Frameworks */ = {
			isa = PBXFrameworksBuildPhase;
			buildActionMask = 2147483647;
			files = (
			);
			runOnlyForDeploymentPostprocessing = 0;
		};
		D1E388B925B04E18009568F7 /* Frameworks */ = {
			isa = PBXFrameworksBuildPhase;
			buildActionMask = 2147483647;
			files = (
			);
			runOnlyForDeploymentPostprocessing = 0;
		};
		D1E388C425B04E18009568F7 /* Frameworks */ = {
			isa = PBXFrameworksBuildPhase;
			buildActionMask = 2147483647;
			files = (
			);
			runOnlyForDeploymentPostprocessing = 0;
		};
/* End PBXFrameworksBuildPhase section */

/* Begin PBXGroup section */
		D1E3889D25B04E16009568F7 = {
			isa = PBXGroup;
			children = (
				D1E388A825B04E16009568F7 /* SavingImgCoreData */,
				D1E388BF25B04E18009568F7 /* SavingImgCoreDataTests */,
				D1E388CA25B04E18009568F7 /* SavingImgCoreDataUITests */,
				D1E388A725B04E16009568F7 /* Products */,
			);
			sourceTree = "<group>";
		};
		D1E388A725B04E16009568F7 /* Products */ = {
			isa = PBXGroup;
			children = (
				D1E388A625B04E16009568F7 /* SavingImgCoreData.app */,
				D1E388BC25B04E18009568F7 /* SavingImgCoreDataTests.xctest */,
				D1E388C725B04E18009568F7 /* SavingImgCoreDataUITests.xctest */,
			);
			name = Products;
			sourceTree = "<group>";
		};
		D1E388A825B04E16009568F7 /* SavingImgCoreData */ = {
			isa = PBXGroup;
			children = (
				D1E388DC25B04FAC009568F7 /* Saving+CoreDataClass.swift */,
				D1E388DD25B04FAC009568F7 /* Saving+CoreDataProperties.swift */,
				D1E388A925B04E16009568F7 /* SavingImgCoreDataApp.swift */,
				D1E388AB25B04E16009568F7 /* ContentView.swift */,
				D1E388E625B0F31B009568F7 /* SenderView.swift */,
				D1E388AD25B04E18009568F7 /* Assets.xcassets */,
				D1E388B225B04E18009568F7 /* Persistence.swift */,
				D1E388B725B04E18009568F7 /* Info.plist */,
				D1E388B425B04E18009568F7 /* SavingImgCoreData.xcdatamodeld */,
				D1E388AF25B04E18009568F7 /* Preview Content */,
				D1E388EB25B0FA6E009568F7 /* ImagePicker.swift */,
			);
			path = SavingImgCoreData;
			sourceTree = "<group>";
		};
		D1E388AF25B04E18009568F7 /* Preview Content */ = {
			isa = PBXGroup;
			children = (
				D1E388B025B04E18009568F7 /* Preview Assets.xcassets */,
			);
			path = "Preview Content";
			sourceTree = "<group>";
		};
		D1E388BF25B04E18009568F7 /* SavingImgCoreDataTests */ = {
			isa = PBXGroup;
			children = (
				D1E388C025B04E18009568F7 /* SavingImgCoreDataTests.swift */,
				D1E388C225B04E18009568F7 /* Info.plist */,
			);
			path = SavingImgCoreDataTests;
			sourceTree = "<group>";
		};
		D1E388CA25B04E18009568F7 /* SavingImgCoreDataUITests */ = {
			isa = PBXGroup;
			children = (
				D1E388CB25B04E18009568F7 /* SavingImgCoreDataUITests.swift */,
				D1E388CD25B04E18009568F7 /* Info.plist */,
			);
			path = SavingImgCoreDataUITests;
			sourceTree = "<group>";
		};
/* End PBXGroup section */

/* Begin PBXNativeTarget section */
		D1E388A525B04E16009568F7 /* SavingImgCoreData */ = {
			isa = PBXNativeTarget;
			buildConfigurationList = D1E388D025B04E18009568F7 /* Build configuration list for PBXNativeTarget "SavingImgCoreData" */;
			buildPhases = (
				D1E388A225B04E16009568F7 /* Sources */,
				D1E388A325B04E16009568F7 /* Frameworks */,
				D1E388A425B04E16009568F7 /* Resources */,
			);
			buildRules = (
			);
			dependencies = (
			);
			name = SavingImgCoreData;
			productName = SavingImgCoreData;
			productReference = D1E388A625B04E16009568F7 /* SavingImgCoreData.app */;
			productType = "com.apple.product-type.application";
		};
		D1E388BB25B04E18009568F7 /* SavingImgCoreDataTests */ = {
			isa = PBXNativeTarget;
			buildConfigurationList = D1E388D325B04E18009568F7 /* Build configuration list for PBXNativeTarget "SavingImgCoreDataTests" */;
			buildPhases = (
				D1E388B825B04E18009568F7 /* Sources */,
				D1E388B925B04E18009568F7 /* Frameworks */,
				D1E388BA25B04E18009568F7 /* Resources */,
			);
			buildRules = (
			);
			dependencies = (
				D1E388BE25B04E18009568F7 /* PBXTargetDependency */,
			);
			name = SavingImgCoreDataTests;
			productName = SavingImgCoreDataTests;
			productReference = D1E388BC25B04E18009568F7 /* SavingImgCoreDataTests.xctest */;
			productType = "com.apple.product-type.bundle.unit-test";
		};
		D1E388C625B04E18009568F7 /* SavingImgCoreDataUITests */ = {
			isa = PBXNativeTarget;
			buildConfigurationList = D1E388D625B04E18009568F7 /* Build configuration list for PBXNativeTarget "SavingImgCoreDataUITests" */;
			buildPhases = (
				D1E388C325B04E18009568F7 /* Sources */,
				D1E388C425B04E18009568F7 /* Frameworks */,
				D1E388C525B04E18009568F7 /* Resources */,
			);
			buildRules = (
			);
			dependencies = (
				D1E388C925B04E18009568F7 /* PBXTargetDependency */,
			);
			name = SavingImgCoreDataUITests;
			productName = SavingImgCoreDataUITests;
			productReference = D1E388C725B04E18009568F7 /* SavingImgCoreDataUITests.xctest */;
			productType = "com.apple.product-type.bundle.ui-testing";
		};
/* End PBXNativeTarget section */

/* Begin PBXProject section */
		D1E3889E25B04E16009568F7 /* Project object */ = {
			isa = PBXProject;
			attributes = {
				LastSwiftUpdateCheck = 1230;
				LastUpgradeCheck = 1230;
				TargetAttributes = {
					D1E388A525B04E16009568F7 = {
						CreatedOnToolsVersion = 12.3;
					};
					D1E388BB25B04E18009568F7 = {
						CreatedOnToolsVersion = 12.3;
						TestTargetID = D1E388A525B04E16009568F7;
					};
					D1E388C625B04E18009568F7 = {
						CreatedOnToolsVersion = 12.3;
						TestTargetID = D1E388A525B04E16009568F7;
					};
				};
			};
			buildConfigurationList = D1E388A125B04E16009568F7 /* Build configuration list for PBXProject "SavingImgCoreData" */;
			compatibilityVersion = "Xcode 9.3";
			developmentRegion = en;
			hasScannedForEncodings = 0;
			knownRegions = (
				en,
				Base,
			);
			mainGroup = D1E3889D25B04E16009568F7;
			productRefGroup = D1E388A725B04E16009568F7 /* Products */;
			projectDirPath = "";
			projectRoot = "";
			targets = (
				D1E388A525B04E16009568F7 /* SavingImgCoreData */,
				D1E388BB25B04E18009568F7 /* SavingImgCoreDataTests */,
				D1E388C625B04E18009568F7 /* SavingImgCoreDataUITests */,
			);
		};
/* End PBXProject section */

/* Begin PBXResourcesBuildPhase section */
		D1E388A425B04E16009568F7 /* Resources */ = {
			isa = PBXResourcesBuildPhase;
			buildActionMask = 2147483647;
			files = (
				D1E388B125B04E18009568F7 /* Preview Assets.xcassets in Resources */,
				D1E388AE25B04E18009568F7 /* Assets.xcassets in Resources */,
			);
			runOnlyForDeploymentPostprocessing = 0;
		};
		D1E388BA25B04E18009568F7 /* Resources */ = {
			isa = PBXResourcesBuildPhase;
			buildActionMask = 2147483647;
			files = (
			);
			runOnlyForDeploymentPostprocessing = 0;
		};
		D1E388C525B04E18009568F7 /* Resources */ = {
			isa = PBXResourcesBuildPhase;
			buildActionMask = 2147483647;
			files = (
			);
			runOnlyForDeploymentPostprocessing = 0;
		};
/* End PBXResourcesBuildPhase section */

/* Begin PBXSourcesBuildPhase section */
		D1E388A225B04E16009568F7 /* Sources */ = {
			isa = PBXSourcesBuildPhase;
			buildActionMask = 2147483647;
			files = (
				D1E388B325B04E18009568F7 /* Persistence.swift in Sources */,
				D1E388E725B0F31B009568F7 /* SenderView.swift in Sources */,
				D1E388AC25B04E16009568F7 /* ContentView.swift in Sources */,
				D1E388B625B04E18009568F7 /* SavingImgCoreData.xcdatamodeld in Sources */,
				D1E388AA25B04E16009568F7 /* SavingImgCoreDataApp.swift in Sources */,
				D1E388EC25B0FA6E009568F7 /* ImagePicker.swift in Sources */,
				D1E388DE25B04FAC009568F7 /* Saving+CoreDataClass.swift in Sources */,
				D1E388DF25B04FAC009568F7 /* Saving+CoreDataProperties.swift in Sources */,
			);
			runOnlyForDeploymentPostprocessing = 0;
		};
		D1E388B825B04E18009568F7 /* Sources */ = {
			isa = PBXSourcesBuildPhase;
			buildActionMask = 2147483647;
			files = (
				D1E388C125B04E18009568F7 /* SavingImgCoreDataTests.swift in Sources */,
			);
			runOnlyForDeploymentPostprocessing = 0;
		};
		D1E388C325B04E18009568F7 /* Sources */ = {
			isa = PBXSourcesBuildPhase;
			buildActionMask = 2147483647;
			files = (
				D1E388CC25B04E18009568F7 /* SavingImgCoreDataUITests.swift in Sources */,
			);
			runOnlyForDeploymentPostprocessing = 0;
		};
/* End PBXSourcesBuildPhase section */

/* Begin PBXTargetDependency section */
		D1E388BE25B04E18009568F7 /* PBXTargetDependency */ = {
			isa = PBXTargetDependency;
			target = D1E388A525B04E16009568F7 /* SavingImgCoreData */;
			targetProxy = D1E388BD25B04E18009568F7 /* PBXContainerItemProxy */;
		};
		D1E388C925B04E18009568F7 /* PBXTargetDependency */ = {
			isa = PBXTargetDependency;
			target = D1E388A525B04E16009568F7 /* SavingImgCoreData */;
			targetProxy = D1E388C825B04E18009568F7 /* PBXContainerItemProxy */;
		};
/* End PBXTargetDependency section */

/* Begin XCBuildConfiguration section */
		D1E388CE25B04E18009568F7 /* Debug */ = {
			isa = XCBuildConfiguration;
			buildSettings = {
				ALWAYS_SEARCH_USER_PATHS = NO;
				CLANG_ANALYZER_NONNULL = YES;
				CLANG_ANALYZER_NUMBER_OBJECT_CONVERSION = YES_AGGRESSIVE;
				CLANG_CXX_LANGUAGE_STANDARD = "gnu++14";
				CLANG_CXX_LIBRARY = "libc++";
				CLANG_ENABLE_MODULES = YES;
				CLANG_ENABLE_OBJC_ARC = YES;
				CLANG_ENABLE_OBJC_WEAK = YES;
				CLANG_WARN_BLOCK_CAPTURE_AUTORELEASING = YES;
				CLANG_WARN_BOOL_CONVERSION = YES;
				CLANG_WARN_COMMA = YES;
				CLANG_WARN_CONSTANT_CONVERSION = YES;
				CLANG_WARN_DEPRECATED_OBJC_IMPLEMENTATIONS = YES;
				CLANG_WARN_DIRECT_OBJC_ISA_USAGE = YES_ERROR;
				CLANG_WARN_DOCUMENTATION_COMMENTS = YES;
				CLANG_WARN_EMPTY_BODY = YES;
				CLANG_WARN_ENUM_CONVERSION = YES;
				CLANG_WARN_INFINITE_RECURSION = YES;
				CLANG_WARN_INT_CONVERSION = YES;
				CLANG_WARN_NON_LITERAL_NULL_CONVERSION = YES;
				CLANG_WARN_OBJC_IMPLICIT_RETAIN_SELF = YES;
				CLANG_WARN_OBJC_LITERAL_CONVERSION = YES;
				CLANG_WARN_OBJC_ROOT_CLASS = YES_ERROR;
				CLANG_WARN_QUOTED_INCLUDE_IN_FRAMEWORK_HEADER = YES;
				CLANG_WARN_RANGE_LOOP_ANALYSIS = YES;
				CLANG_WARN_STRICT_PROTOTYPES = YES;
				CLANG_WARN_SUSPICIOUS_MOVE = YES;
				CLANG_WARN_UNGUARDED_AVAILABILITY = YES_AGGRESSIVE;
				CLANG_WARN_UNREACHABLE_CODE = YES;
				CLANG_WARN__DUPLICATE_METHOD_MATCH = YES;
				COPY_PHASE_STRIP = NO;
				DEBUG_INFORMATION_FORMAT = dwarf;
				ENABLE_STRICT_OBJC_MSGSEND = YES;
				ENABLE_TESTABILITY = YES;
				GCC_C_LANGUAGE_STANDARD = gnu11;
				GCC_DYNAMIC_NO_PIC = NO;
				GCC_NO_COMMON_BLOCKS = YES;
				GCC_OPTIMIZATION_LEVEL = 0;
				GCC_PREPROCESSOR_DEFINITIONS = (
					"DEBUG=1",
					"$(inherited)",
				);
				GCC_WARN_64_TO_32_BIT_CONVERSION = YES;
				GCC_WARN_ABOUT_RETURN_TYPE = YES_ERROR;
				GCC_WARN_UNDECLARED_SELECTOR = YES;
				GCC_WARN_UNINITIALIZED_AUTOS = YES_AGGRESSIVE;
				GCC_WARN_UNUSED_FUNCTION = YES;
				GCC_WARN_UNUSED_VARIABLE = YES;
				IPHONEOS_DEPLOYMENT_TARGET = 14.3;
				MTL_ENABLE_DEBUG_INFO = INCLUDE_SOURCE;
				MTL_FAST_MATH = YES;
				ONLY_ACTIVE_ARCH = YES;
				SDKROOT = iphoneos;
				SWIFT_ACTIVE_COMPILATION_CONDITIONS = DEBUG;
				SWIFT_OPTIMIZATION_LEVEL = "-Onone";
			};
			name = Debug;
		};
		D1E388CF25B04E18009568F7 /* Release */ = {
			isa = XCBuildConfiguration;
			buildSettings = {
				ALWAYS_SEARCH_USER_PATHS = NO;
				CLANG_ANALYZER_NONNULL = YES;
				CLANG_ANALYZER_NUMBER_OBJECT_CONVERSION = YES_AGGRESSIVE;
				CLANG_CXX_LANGUAGE_STANDARD = "gnu++14";
				CLANG_CXX_LIBRARY = "libc++";
				CLANG_ENABLE_MODULES = YES;
				CLANG_ENABLE_OBJC_ARC = YES;
				CLANG_ENABLE_OBJC_WEAK = YES;
				CLANG_WARN_BLOCK_CAPTURE_AUTORELEASING = YES;
				CLANG_WARN_BOOL_CONVERSION = YES;
				CLANG_WARN_COMMA = YES;
				CLANG_WARN_CONSTANT_CONVERSION = YES;
				CLANG_WARN_DEPRECATED_OBJC_IMPLEMENTATIONS = YES;
				CLANG_WARN_DIRECT_OBJC_ISA_USAGE = YES_ERROR;
				CLANG_WARN_DOCUMENTATION_COMMENTS = YES;
				CLANG_WARN_EMPTY_BODY = YES;
				CLANG_WARN_ENUM_CONVERSION = YES;
				CLANG_WARN_INFINITE_RECURSION = YES;
				CLANG_WARN_INT_CONVERSION = YES;
				CLANG_WARN_NON_LITERAL_NULL_CONVERSION = YES;
				CLANG_WARN_OBJC_IMPLICIT_RETAIN_SELF = YES;
				CLANG_WARN_OBJC_LITERAL_CONVERSION = YES;
				CLANG_WARN_OBJC_ROOT_CLASS = YES_ERROR;
				CLANG_WARN_QUOTED_INCLUDE_IN_FRAMEWORK_HEADER = YES;
				CLANG_WARN_RANGE_LOOP_ANALYSIS = YES;
				CLANG_WARN_STRICT_PROTOTYPES = YES;
				CLANG_WARN_SUSPICIOUS_MOVE = YES;
				CLANG_WARN_UNGUARDED_AVAILABILITY = YES_AGGRESSIVE;
				CLANG_WARN_UNREACHABLE_CODE = YES;
				CLANG_WARN__DUPLICATE_METHOD_MATCH = YES;
				COPY_PHASE_STRIP = NO;
				DEBUG_INFORMATION_FORMAT = "dwarf-with-dsym";
				ENABLE_NS_ASSERTIONS = NO;
				ENABLE_STRICT_OBJC_MSGSEND = YES;
				GCC_C_LANGUAGE_STANDARD = gnu11;
				GCC_NO_COMMON_BLOCKS = YES;
				GCC_WARN_64_TO_32_BIT_CONVERSION = YES;
				GCC_WARN_ABOUT_RETURN_TYPE = YES_ERROR;
				GCC_WARN_UNDECLARED_SELECTOR = YES;
				GCC_WARN_UNINITIALIZED_AUTOS = YES_AGGRESSIVE;
				GCC_WARN_UNUSED_FUNCTION = YES;
				GCC_WARN_UNUSED_VARIABLE = YES;
				IPHONEOS_DEPLOYMENT_TARGET = 14.3;
				MTL_ENABLE_DEBUG_INFO = NO;
				MTL_FAST_MATH = YES;
				SDKROOT = iphoneos;
				SWIFT_COMPILATION_MODE = wholemodule;
				SWIFT_OPTIMIZATION_LEVEL = "-O";
				VALIDATE_PRODUCT = YES;
			};
			name = Release;
		};
		D1E388D125B04E18009568F7 /* Debug */ = {
			isa = XCBuildConfiguration;
			buildSettings = {
				ASSETCATALOG_COMPILER_APPICON_NAME = AppIcon;
				ASSETCATALOG_COMPILER_GLOBAL_ACCENT_COLOR_NAME = AccentColor;
				CODE_SIGN_STYLE = Automatic;
				DEVELOPMENT_ASSET_PATHS = "\"SavingImgCoreData/Preview Content\"";
				ENABLE_PREVIEWS = YES;
				INFOPLIST_FILE = SavingImgCoreData/Info.plist;
				IPHONEOS_DEPLOYMENT_TARGET = 14.0;
				LD_RUNPATH_SEARCH_PATHS = (
					"$(inherited)",
					"@executable_path/Frameworks",
				);
				PRODUCT_BUNDLE_IDENTIFIER = MicheleManniello.SavingImgCoreData;
				PRODUCT_NAME = "$(TARGET_NAME)";
				SWIFT_VERSION = 5.0;
				TARGETED_DEVICE_FAMILY = "1,2";
			};
			name = Debug;
		};
		D1E388D225B04E18009568F7 /* Release */ = {
			isa = XCBuildConfiguration;
			buildSettings = {
				ASSETCATALOG_COMPILER_APPICON_NAME = AppIcon;
				ASSETCATALOG_COMPILER_GLOBAL_ACCENT_COLOR_NAME = AccentColor;
				CODE_SIGN_STYLE = Automatic;
				DEVELOPMENT_ASSET_PATHS = "\"SavingImgCoreData/Preview Content\"";
				ENABLE_PREVIEWS = YES;
				INFOPLIST_FILE = SavingImgCoreData/Info.plist;
				IPHONEOS_DEPLOYMENT_TARGET = 14.0;
				LD_RUNPATH_SEARCH_PATHS = (
					"$(inherited)",
					"@executable_path/Frameworks",
				);
				PRODUCT_BUNDLE_IDENTIFIER = MicheleManniello.SavingImgCoreData;
				PRODUCT_NAME = "$(TARGET_NAME)";
				SWIFT_VERSION = 5.0;
				TARGETED_DEVICE_FAMILY = "1,2";
			};
			name = Release;
		};
		D1E388D425B04E18009568F7 /* Debug */ = {
			isa = XCBuildConfiguration;
			buildSettings = {
				ALWAYS_EMBED_SWIFT_STANDARD_LIBRARIES = YES;
				BUNDLE_LOADER = "$(TEST_HOST)";
				CODE_SIGN_STYLE = Automatic;
				INFOPLIST_FILE = SavingImgCoreDataTests/Info.plist;
				IPHONEOS_DEPLOYMENT_TARGET = 14.0;
				LD_RUNPATH_SEARCH_PATHS = (
					"$(inherited)",
					"@executable_path/Frameworks",
					"@loader_path/Frameworks",
				);
				PRODUCT_BUNDLE_IDENTIFIER = MicheleManniello.SavingImgCoreDataTests;
				PRODUCT_NAME = "$(TARGET_NAME)";
				SWIFT_VERSION = 5.0;
				TARGETED_DEVICE_FAMILY = "1,2";
				TEST_HOST = "$(BUILT_PRODUCTS_DIR)/SavingImgCoreData.app/SavingImgCoreData";
			};
			name = Debug;
		};
		D1E388D525B04E18009568F7 /* Release */ = {
			isa = XCBuildConfiguration;
			buildSettings = {
				ALWAYS_EMBED_SWIFT_STANDARD_LIBRARIES = YES;
				BUNDLE_LOADER = "$(TEST_HOST)";
				CODE_SIGN_STYLE = Automatic;
				INFOPLIST_FILE = SavingImgCoreDataTests/Info.plist;
				IPHONEOS_DEPLOYMENT_TARGET = 14.0;
				LD_RUNPATH_SEARCH_PATHS = (
					"$(inherited)",
					"@executable_path/Frameworks",
					"@loader_path/Frameworks",
				);
				PRODUCT_BUNDLE_IDENTIFIER = MicheleManniello.SavingImgCoreDataTests;
				PRODUCT_NAME = "$(TARGET_NAME)";
				SWIFT_VERSION = 5.0;
				TARGETED_DEVICE_FAMILY = "1,2";
				TEST_HOST = "$(BUILT_PRODUCTS_DIR)/SavingImgCoreData.app/SavingImgCoreData";
			};
			name = Release;
		};
		D1E388D725B04E18009568F7 /* Debug */ = {
			isa = XCBuildConfiguration;
			buildSettings = {
				ALWAYS_EMBED_SWIFT_STANDARD_LIBRARIES = YES;
				CODE_SIGN_STYLE = Automatic;
				INFOPLIST_FILE = SavingImgCoreDataUITests/Info.plist;
				LD_RUNPATH_SEARCH_PATHS = (
					"$(inherited)",
					"@executable_path/Frameworks",
					"@loader_path/Frameworks",
				);
				PRODUCT_BUNDLE_IDENTIFIER = MicheleManniello.SavingImgCoreDataUITests;
				PRODUCT_NAME = "$(TARGET_NAME)";
				SWIFT_VERSION = 5.0;
				TARGETED_DEVICE_FAMILY = "1,2";
				TEST_TARGET_NAME = SavingImgCoreData;
			};
			name = Debug;
		};
		D1E388D825B04E18009568F7 /* Release */ = {
			isa = XCBuildConfiguration;
			buildSettings = {
				ALWAYS_EMBED_SWIFT_STANDARD_LIBRARIES = YES;
				CODE_SIGN_STYLE = Automatic;
				INFOPLIST_FILE = SavingImgCoreDataUITests/Info.plist;
				LD_RUNPATH_SEARCH_PATHS = (
					"$(inherited)",
					"@executable_path/Frameworks",
					"@loader_path/Frameworks",
				);
				PRODUCT_BUNDLE_IDENTIFIER = MicheleManniello.SavingImgCoreDataUITests;
				PRODUCT_NAME = "$(TARGET_NAME)";
				SWIFT_VERSION = 5.0;
				TARGETED_DEVICE_FAMILY = "1,2";
				TEST_TARGET_NAME = SavingImgCoreData;
			};
			name = Release;
		};
/* End XCBuildConfiguration section */

/* Begin XCConfigurationList section */
		D1E388A125B04E16009568F7 /* Build configuration list for PBXProject "SavingImgCoreData" */ = {
			isa = XCConfigurationList;
			buildConfigurations = (
				D1E388CE25B04E18009568F7 /* Debug */,
				D1E388CF25B04E18009568F7 /* Release */,
			);
			defaultConfigurationIsVisible = 0;
			defaultConfigurationName = Release;
		};
		D1E388D025B04E18009568F7 /* Build configuration list for PBXNativeTarget "SavingImgCoreData" */ = {
			isa = XCConfigurationList;
			buildConfigurations = (
				D1E388D125B04E18009568F7 /* Debug */,
				D1E388D225B04E18009568F7 /* Release */,
			);
			defaultConfigurationIsVisible = 0;
			defaultConfigurationName = Release;
		};
		D1E388D325B04E18009568F7 /* Build configuration list for PBXNativeTarget "SavingImgCoreDataTests" */ = {
			isa = XCConfigurationList;
			buildConfigurations = (
				D1E388D425B04E18009568F7 /* Debug */,
				D1E388D525B04E18009568F7 /* Release */,
			);
			defaultConfigurationIsVisible = 0;
			defaultConfigurationName = Release;
		};
		D1E388D625B04E18009568F7 /* Build configuration list for PBXNativeTarget "SavingImgCoreDataUITests" */ = {
			isa = XCConfigurationList;
			buildConfigurations = (
				D1E388D725B04E18009568F7 /* Debug */,
				D1E388D825B04E18009568F7 /* Release */,
			);
			defaultConfigurationIsVisible = 0;
			defaultConfigurationName = Release;
		};
/* End XCConfigurationList section */

/* Begin XCVersionGroup section */
		D1E388B425B04E18009568F7 /* SavingImgCoreData.xcdatamodeld */ = {
			isa = XCVersionGroup;
			children = (
				D1E388B525B04E18009568F7 /* SavingImgCoreData.xcdatamodel */,
			);
			currentVersion = D1E388B525B04E18009568F7 /* SavingImgCoreData.xcdatamodel */;
			path = SavingImgCoreData.xcdatamodeld;
			sourceTree = "<group>";
			versionGroupType = wrapper.xcdatamodel;
		};
/* End XCVersionGroup section */
	};
	rootObject = D1E3889E25B04E16009568F7 /* Project object */;
}
